
Microsoft Visual Studio Solution File, Format Version 12.00
# Visual Studio Version 17
VisualStudioVersion = 17.11.35222.181
MinimumVisualStudioVersion = 10.0.40219.1
Project("{2150E333-8FDC-42A3-9474-1A3956D46DE8}") = "Task0", "Task0", "{154E3392-53E4-4A96-AA29-D83199101F4A}"
EndProject
Project("{9A19103F-16F7-4668-BE54-9A1E7A4F7556}") = "Tyuiu.DonskoiIA.Sprint5.Task0.V17", "Tyuiu.DonskoiIA.Sprint5.Task0.V17\Tyuiu.DonskoiIA.Sprint5.Task0.V17.csproj", "{FB2E541F-DEF5-4651-8551-74B18A2725B7}"
EndProject
Project("{9A19103F-16F7-4668-BE54-9A1E7A4F7556}") = "Tyuiu.DonskoiIA.Sprint5.Task0.V17.Lib", "Tyuiu.DonskoiIA.Sprint5.Task0.V17.Lib\Tyuiu.DonskoiIA.Sprint5.Task0.V17.Lib.csproj", "{B3036B80-9E42-4AE7-8EE6-EAF13809C1E8}"
EndProject
Project("{9A19103F-16F7-4668-BE54-9A1E7A4F7556}") = "Tyuiu.DonskoiIA.Sprint5.Task0.V17.Test", "Tyuiu.DonskoiIA.Sprint5.Task0.V17.Test\Tyuiu.DonskoiIA.Sprint5.Task0.V17.Test.csproj", "{909D6865-A493-46F5-AF16-1E582B3907DD}"
EndProject
Project("{2150E333-8FDC-42A3-9474-1A3956D46DE8}") = "Task1", "Task1", "{333BF915-84DE-4E87-A52C-16A8E8734E54}"
EndProject
Project("{9A19103F-16F7-4668-BE54-9A1E7A4F7556}") = "Tyuiu.DonskoiIA.Sprint5.Task1.V24", "Tyuiu.DonskoiIA.Sprint5.Task1.V24\Tyuiu.DonskoiIA.Sprint5.Task1.V24.csproj", "{782833EB-25F3-4C9A-BF6A-C2D9C850E83C}"
EndProject
Project("{9A19103F-16F7-4668-BE54-9A1E7A4F7556}") = "Tyuiu.DonskoiIA.Sprint5.Task1.V24.Lib", "Tyuiu.DonskoiIA.Sprint5.Task1.V24.Lib\Tyuiu.DonskoiIA.Sprint5.Task1.V24.Lib.csproj", "{D0E2C59E-9227-4D26-9A5A-62B4B8EF98D6}"
EndProject
Project("{9A19103F-16F7-4668-BE54-9A1E7A4F7556}") = "Tyuiu.DonskoiIA.Sprint5.Task1.V24.Test", "Tyuiu.DonskoiIA.Sprint5.Task1.V24.Test\Tyuiu.DonskoiIA.Sprint5.Task1.V24.Test.csproj", "{54682036-0B84-4343-9DDC-15AF2FAB595F}"
EndProject
Project("{2150E333-8FDC-42A3-9474-1A3956D46DE8}") = "Task2", "Task2", "{59651C1B-47BB-4D32-9846-B2BA3D041A30}"
EndProject
Project("{9A19103F-16F7-4668-BE54-9A1E7A4F7556}") = "Tyuiu.DonskoiIA.Sprint5.Task2.V23", "Tyuiu.DonskoiIA.Sprint5.Task2.V23\Tyuiu.DonskoiIA.Sprint5.Task2.V23.csproj", "{E4D081FF-F823-439E-95A5-2BF5725F4186}"
EndProject
Project("{9A19103F-16F7-4668-BE54-9A1E7A4F7556}") = "Tyuiu.DonskoiIA.Sprint5.Task2.V23.Lib", "Tyuiu.DonskoiIA.Sprint5.Task2.V23.Lib\Tyuiu.DonskoiIA.Sprint5.Task2.V23.Lib.csproj", "{0467ADB6-358A-4EC4-8339-4AFABCC89F7E}"
EndProject
Project("{9A19103F-16F7-4668-BE54-9A1E7A4F7556}") = "Tyuiu.DonskoiIA.Sprint5.Task2.V23.Test", "Tyuiu.DonskoiIA.Sprint5.Task2.V23.Test\Tyuiu.DonskoiIA.Sprint5.Task2.V23.Test.csproj", "{ADEEB259-66F0-4FD8-9EF2-3FEC9E75510F}"
EndProject
Project("{2150E333-8FDC-42A3-9474-1A3956D46DE8}") = "Task3", "Task3", "{AB9A5AE4-0DF6-4349-947C-31FFFF3DF31D}"
EndProject
Project("{9A19103F-16F7-4668-BE54-9A1E7A4F7556}") = "Tyuiu.DonskoiIA.Sprint5.Task3.V9", "Tyuiu.DonskoiIA.Sprint5.Task3.V9\Tyuiu.DonskoiIA.Sprint5.Task3.V9.csproj", "{1DB13669-9F3E-46E7-9449-3D8FE8A5590D}"
EndProject
Project("{9A19103F-16F7-4668-BE54-9A1E7A4F7556}") = "Tyuiu.DonskoiIA.Sprint5.Task3.V9.Lib", "Tyuiu.DonskoiIA.Sprint5.Task3.V9.Lib\Tyuiu.DonskoiIA.Sprint5.Task3.V9.Lib.csproj", "{48766B54-194D-46C5-931A-5CFABF734AED}"
EndProject
Project("{9A19103F-16F7-4668-BE54-9A1E7A4F7556}") = "Tyuiu.DonskoiIA.Sprint5.Task3.V9.Test", "Tyuiu.DonskoiIA.Sprint5.Task3.V9.Test\Tyuiu.DonskoiIA.Sprint5.Task3.V9.Test.csproj", "{02766FD4-8F12-47BF-B621-B122228B71B9}"
EndProject
Project("{9A19103F-16F7-4668-BE54-9A1E7A4F7556}") = "Tyuiu.DonskoiIA.Sprint5.Task6.V17", "Tyuiu.DonskoiIA.Sprint5.Task6.V17\Tyuiu.DonskoiIA.Sprint5.Task6.V17.csproj", "{6D10F09E-5DFA-44BC-BCC7-EDF72252EC5C}"
EndProject
Project("{2150E333-8FDC-42A3-9474-1A3956D46DE8}") = "Task6", "Task6", "{0F8C4D1A-F712-472F-AF4E-7737D16DA719}"
EndProject
Project("{9A19103F-16F7-4668-BE54-9A1E7A4F7556}") = "Tyuiu.DonskoiIA.Sprint5.Task6.V17.Lib", "Tyuiu.DonskoiIA.Sprint5.Task6.V17.Lib\Tyuiu.DonskoiIA.Sprint5.Task6.V17.Lib.csproj", "{BDE12BC1-BD4E-4F8E-B4B6-3D7ADBC6ED18}"
EndProject
Project("{9A19103F-16F7-4668-BE54-9A1E7A4F7556}") = "Tyuiu.DonskoiIA.Sprint5.Task6.V17.Test", "Tyuiu.DonskoiIA.Sprint5.Task6.V17.Test\Tyuiu.DonskoiIA.Sprint5.Task6.V17.Test.csproj", "{C0D1A883-2E43-4199-8631-E741A206159A}"
EndProject
Project("{2150E333-8FDC-42A3-9474-1A3956D46DE8}") = "Task7", "Task7", "{C4A80944-B060-492D-B8E6-3803E1103822}"
EndProject
Project("{FAE04EC0-301F-11D3-BF4B-00C04F79EFBC}") = "Tyuiu.DonskoiIA.Sprint5.Task7.V24", "Tyuiu.DonskoiIA.Sprint5.Task7.V24\Tyuiu.DonskoiIA.Sprint5.Task7.V24.csproj", "{AD1386C6-9120-46B4-AE0F-3C714B6C7A7D}"
EndProject
Project("{FAE04EC0-301F-11D3-BF4B-00C04F79EFBC}") = "Tyuiu.DonskoiIA.Sprint5.Task7.V24.Lib", "Tyuiu.DonskoiIA.Sprint5.Task7.V24.Lib\Tyuiu.DonskoiIA.Sprint5.Task7.V24.Lib.csproj", "{A131CCE1-D86D-4DCC-95F1-3E46EB6BDDCA}"
EndProject
Project("{FAE04EC0-301F-11D3-BF4B-00C04F79EFBC}") = "Tyuiu.DonskoiIA.Sprint5.Task7.V24.Test", "Tyuiu.DonskoiIA.Sprint5.Task7.V24.Test\Tyuiu.DonskoiIA.Sprint5.Task7.V24.Test.csproj", "{E3F14CAF-2C31-4832-91FF-E6CC882074D9}"
EndProject
Global
	GlobalSection(SolutionConfigurationPlatforms) = preSolution
		Debug|Any CPU = Debug|Any CPU
		Release|Any CPU = Release|Any CPU
	EndGlobalSection
	GlobalSection(ProjectConfigurationPlatforms) = postSolution
		{FB2E541F-DEF5-4651-8551-74B18A2725B7}.Debug|Any CPU.ActiveCfg = Debug|Any CPU
		{FB2E541F-DEF5-4651-8551-74B18A2725B7}.Debug|Any CPU.Build.0 = Debug|Any CPU
		{FB2E541F-DEF5-4651-8551-74B18A2725B7}.Release|Any CPU.ActiveCfg = Release|Any CPU
		{FB2E541F-DEF5-4651-8551-74B18A2725B7}.Release|Any CPU.Build.0 = Release|Any CPU
		{B3036B80-9E42-4AE7-8EE6-EAF13809C1E8}.Debug|Any CPU.ActiveCfg = Debug|Any CPU
		{B3036B80-9E42-4AE7-8EE6-EAF13809C1E8}.Debug|Any CPU.Build.0 = Debug|Any CPU
		{B3036B80-9E42-4AE7-8EE6-EAF13809C1E8}.Release|Any CPU.ActiveCfg = Release|Any CPU
		{B3036B80-9E42-4AE7-8EE6-EAF13809C1E8}.Release|Any CPU.Build.0 = Release|Any CPU
		{909D6865-A493-46F5-AF16-1E582B3907DD}.Debug|Any CPU.ActiveCfg = Debug|Any CPU
		{909D6865-A493-46F5-AF16-1E582B3907DD}.Debug|Any CPU.Build.0 = Debug|Any CPU
		{909D6865-A493-46F5-AF16-1E582B3907DD}.Release|Any CPU.ActiveCfg = Release|Any CPU
		{909D6865-A493-46F5-AF16-1E582B3907DD}.Release|Any CPU.Build.0 = Release|Any CPU
		{782833EB-25F3-4C9A-BF6A-C2D9C850E83C}.Debug|Any CPU.ActiveCfg = Debug|Any CPU
		{782833EB-25F3-4C9A-BF6A-C2D9C850E83C}.Debug|Any CPU.Build.0 = Debug|Any CPU
		{782833EB-25F3-4C9A-BF6A-C2D9C850E83C}.Release|Any CPU.ActiveCfg = Release|Any CPU
		{782833EB-25F3-4C9A-BF6A-C2D9C850E83C}.Release|Any CPU.Build.0 = Release|Any CPU
		{D0E2C59E-9227-4D26-9A5A-62B4B8EF98D6}.Debug|Any CPU.ActiveCfg = Debug|Any CPU
		{D0E2C59E-9227-4D26-9A5A-62B4B8EF98D6}.Debug|Any CPU.Build.0 = Debug|Any CPU
		{D0E2C59E-9227-4D26-9A5A-62B4B8EF98D6}.Release|Any CPU.ActiveCfg = Release|Any CPU
		{D0E2C59E-9227-4D26-9A5A-62B4B8EF98D6}.Release|Any CPU.Build.0 = Release|Any CPU
		{54682036-0B84-4343-9DDC-15AF2FAB595F}.Debug|Any CPU.ActiveCfg = Debug|Any CPU
		{54682036-0B84-4343-9DDC-15AF2FAB595F}.Debug|Any CPU.Build.0 = Debug|Any CPU
		{54682036-0B84-4343-9DDC-15AF2FAB595F}.Release|Any CPU.ActiveCfg = Release|Any CPU
		{54682036-0B84-4343-9DDC-15AF2FAB595F}.Release|Any CPU.Build.0 = Release|Any CPU
		{E4D081FF-F823-439E-95A5-2BF5725F4186}.Debug|Any CPU.ActiveCfg = Debug|Any CPU
		{E4D081FF-F823-439E-95A5-2BF5725F4186}.Debug|Any CPU.Build.0 = Debug|Any CPU
		{E4D081FF-F823-439E-95A5-2BF5725F4186}.Release|Any CPU.ActiveCfg = Release|Any CPU
		{E4D081FF-F823-439E-95A5-2BF5725F4186}.Release|Any CPU.Build.0 = Release|Any CPU
		{0467ADB6-358A-4EC4-8339-4AFABCC89F7E}.Debug|Any CPU.ActiveCfg = Debug|Any CPU
		{0467ADB6-358A-4EC4-8339-4AFABCC89F7E}.Debug|Any CPU.Build.0 = Debug|Any CPU
		{0467ADB6-358A-4EC4-8339-4AFABCC89F7E}.Release|Any CPU.ActiveCfg = Release|Any CPU
		{0467ADB6-358A-4EC4-8339-4AFABCC89F7E}.Release|Any CPU.Build.0 = Release|Any CPU
		{ADEEB259-66F0-4FD8-9EF2-3FEC9E75510F}.Debug|Any CPU.ActiveCfg = Debug|Any CPU
		{ADEEB259-66F0-4FD8-9EF2-3FEC9E75510F}.Debug|Any CPU.Build.0 = Debug|Any CPU
		{ADEEB259-66F0-4FD8-9EF2-3FEC9E75510F}.Release|Any CPU.ActiveCfg = Release|Any CPU
		{ADEEB259-66F0-4FD8-9EF2-3FEC9E75510F}.Release|Any CPU.Build.0 = Release|Any CPU
		{1DB13669-9F3E-46E7-9449-3D8FE8A5590D}.Debug|Any CPU.ActiveCfg = Debug|Any CPU
		{1DB13669-9F3E-46E7-9449-3D8FE8A5590D}.Debug|Any CPU.Build.0 = Debug|Any CPU
		{1DB13669-9F3E-46E7-9449-3D8FE8A5590D}.Release|Any CPU.ActiveCfg = Release|Any CPU
		{1DB13669-9F3E-46E7-9449-3D8FE8A5590D}.Release|Any CPU.Build.0 = Release|Any CPU
		{48766B54-194D-46C5-931A-5CFABF734AED}.Debug|Any CPU.ActiveCfg = Debug|Any CPU
		{48766B54-194D-46C5-931A-5CFABF734AED}.Debug|Any CPU.Build.0 = Debug|Any CPU
		{48766B54-194D-46C5-931A-5CFABF734AED}.Release|Any CPU.ActiveCfg = Release|Any CPU
		{48766B54-194D-46C5-931A-5CFABF734AED}.Release|Any CPU.Build.0 = Release|Any CPU
		{02766FD4-8F12-47BF-B621-B122228B71B9}.Debug|Any CPU.ActiveCfg = Debug|Any CPU
		{02766FD4-8F12-47BF-B621-B122228B71B9}.Debug|Any CPU.Build.0 = Debug|Any CPU
		{02766FD4-8F12-47BF-B621-B122228B71B9}.Release|Any CPU.ActiveCfg = Release|Any CPU
		{02766FD4-8F12-47BF-B621-B122228B71B9}.Release|Any CPU.Build.0 = Release|Any CPU
		{6D10F09E-5DFA-44BC-BCC7-EDF72252EC5C}.Debug|Any CPU.ActiveCfg = Debug|Any CPU
		{6D10F09E-5DFA-44BC-BCC7-EDF72252EC5C}.Debug|Any CPU.Build.0 = Debug|Any CPU
		{6D10F09E-5DFA-44BC-BCC7-EDF72252EC5C}.Release|Any CPU.ActiveCfg = Release|Any CPU
		{6D10F09E-5DFA-44BC-BCC7-EDF72252EC5C}.Release|Any CPU.Build.0 = Release|Any CPU
		{BDE12BC1-BD4E-4F8E-B4B6-3D7ADBC6ED18}.Debug|Any CPU.ActiveCfg = Debug|Any CPU
		{BDE12BC1-BD4E-4F8E-B4B6-3D7ADBC6ED18}.Debug|Any CPU.Build.0 = Debug|Any CPU
		{BDE12BC1-BD4E-4F8E-B4B6-3D7ADBC6ED18}.Release|Any CPU.ActiveCfg = Release|Any CPU
		{BDE12BC1-BD4E-4F8E-B4B6-3D7ADBC6ED18}.Release|Any CPU.Build.0 = Release|Any CPU
		{C0D1A883-2E43-4199-8631-E741A206159A}.Debug|Any CPU.ActiveCfg = Debug|Any CPU
		{C0D1A883-2E43-4199-8631-E741A206159A}.Debug|Any CPU.Build.0 = Debug|Any CPU
		{C0D1A883-2E43-4199-8631-E741A206159A}.Release|Any CPU.ActiveCfg = Release|Any CPU
		{C0D1A883-2E43-4199-8631-E741A206159A}.Release|Any CPU.Build.0 = Release|Any CPU
		{AD1386C6-9120-46B4-AE0F-3C714B6C7A7D}.Debug|Any CPU.ActiveCfg = Debug|Any CPU
		{AD1386C6-9120-46B4-AE0F-3C714B6C7A7D}.Debug|Any CPU.Build.0 = Debug|Any CPU
		{AD1386C6-9120-46B4-AE0F-3C714B6C7A7D}.Release|Any CPU.ActiveCfg = Release|Any CPU
		{AD1386C6-9120-46B4-AE0F-3C714B6C7A7D}.Release|Any CPU.Build.0 = Release|Any CPU
		{A131CCE1-D86D-4DCC-95F1-3E46EB6BDDCA}.Debug|Any CPU.ActiveCfg = Debug|Any CPU
		{A131CCE1-D86D-4DCC-95F1-3E46EB6BDDCA}.Debug|Any CPU.Build.0 = Debug|Any CPU
		{A131CCE1-D86D-4DCC-95F1-3E46EB6BDDCA}.Release|Any CPU.ActiveCfg = Release|Any CPU
		{A131CCE1-D86D-4DCC-95F1-3E46EB6BDDCA}.Release|Any CPU.Build.0 = Release|Any CPU
		{E3F14CAF-2C31-4832-91FF-E6CC882074D9}.Debug|Any CPU.ActiveCfg = Debug|Any CPU
		{E3F14CAF-2C31-4832-91FF-E6CC882074D9}.Debug|Any CPU.Build.0 = Debug|Any CPU
		{E3F14CAF-2C31-4832-91FF-E6CC882074D9}.Release|Any CPU.ActiveCfg = Release|Any CPU
		{E3F14CAF-2C31-4832-91FF-E6CC882074D9}.Release|Any CPU.Build.0 = Release|Any CPU
	EndGlobalSection
	GlobalSection(SolutionProperties) = preSolution
		HideSolutionNode = FALSE
	EndGlobalSection
	GlobalSection(NestedProjects) = preSolution
		{FB2E541F-DEF5-4651-8551-74B18A2725B7} = {154E3392-53E4-4A96-AA29-D83199101F4A}
		{B3036B80-9E42-4AE7-8EE6-EAF13809C1E8} = {154E3392-53E4-4A96-AA29-D83199101F4A}
		{909D6865-A493-46F5-AF16-1E582B3907DD} = {154E3392-53E4-4A96-AA29-D83199101F4A}
		{782833EB-25F3-4C9A-BF6A-C2D9C850E83C} = {333BF915-84DE-4E87-A52C-16A8E8734E54}
		{D0E2C59E-9227-4D26-9A5A-62B4B8EF98D6} = {333BF915-84DE-4E87-A52C-16A8E8734E54}
		{54682036-0B84-4343-9DDC-15AF2FAB595F} = {333BF915-84DE-4E87-A52C-16A8E8734E54}
		{E4D081FF-F823-439E-95A5-2BF5725F4186} = {59651C1B-47BB-4D32-9846-B2BA3D041A30}
		{0467ADB6-358A-4EC4-8339-4AFABCC89F7E} = {59651C1B-47BB-4D32-9846-B2BA3D041A30}
		{ADEEB259-66F0-4FD8-9EF2-3FEC9E75510F} = {59651C1B-47BB-4D32-9846-B2BA3D041A30}
		{1DB13669-9F3E-46E7-9449-3D8FE8A5590D} = {AB9A5AE4-0DF6-4349-947C-31FFFF3DF31D}
		{48766B54-194D-46C5-931A-5CFABF734AED} = {AB9A5AE4-0DF6-4349-947C-31FFFF3DF31D}
		{02766FD4-8F12-47BF-B621-B122228B71B9} = {AB9A5AE4-0DF6-4349-947C-31FFFF3DF31D}
		{6D10F09E-5DFA-44BC-BCC7-EDF72252EC5C} = {0F8C4D1A-F712-472F-AF4E-7737D16DA719}
		{BDE12BC1-BD4E-4F8E-B4B6-3D7ADBC6ED18} = {0F8C4D1A-F712-472F-AF4E-7737D16DA719}
		{C0D1A883-2E43-4199-8631-E741A206159A} = {0F8C4D1A-F712-472F-AF4E-7737D16DA719}
		{AD1386C6-9120-46B4-AE0F-3C714B6C7A7D} = {C4A80944-B060-492D-B8E6-3803E1103822}
		{A131CCE1-D86D-4DCC-95F1-3E46EB6BDDCA} = {C4A80944-B060-492D-B8E6-3803E1103822}
		{E3F14CAF-2C31-4832-91FF-E6CC882074D9} = {C4A80944-B060-492D-B8E6-3803E1103822}
	EndGlobalSection
	GlobalSection(ExtensibilityGlobals) = postSolution
		SolutionGuid = {EF54C0D7-6506-4869-8777-593B5B44754A}
	EndGlobalSection
EndGlobal
